
Microsoft Visual Studio Solution File, Format Version 12.00
# Visual Studio Version 17
VisualStudioVersion = 17.7.34024.191
MinimumVisualStudioVersion = 10.0.40219.1
Project("{FAE04EC0-301F-11D3-BF4B-00C04F79EFBC}") = "TicTacToe Game Project", "TicTacToe Game Project.csproj", "{9F0C60E6-FFB9-4D4A-9AC4-A9FDE929F2C8}"
EndProject
Global
	GlobalSection(SolutionConfigurationPlatforms) = preSolution
		Debug|Any CPU = Debug|Any CPU
		Release|Any CPU = Release|Any CPU
	EndGlobalSection
	GlobalSection(ProjectConfigurationPlatforms) = postSolution
		{9F0C60E6-FFB9-4D4A-9AC4-A9FDE929F2C8}.Debug|Any CPU.ActiveCfg = Debug|Any CPU
		{9F0C60E6-FFB9-4D4A-9AC4-A9FDE929F2C8}.Debug|Any CPU.Build.0 = Debug|Any CPU
		{9F0C60E6-FFB9-4D4A-9AC4-A9FDE929F2C8}.Release|Any CPU.ActiveCfg = Release|Any CPU
		{9F0C60E6-FFB9-4D4A-9AC4-A9FDE929F2C8}.Release|Any CPU.Build.0 = Release|Any CPU
	EndGlobalSection
	GlobalSection(SolutionProperties) = preSolution
		HideSolutionNode = FALSE
	EndGlobalSection
	GlobalSection(ExtensibilityGlobals) = postSolution
		SolutionGuid = {4AF04592-80DF-4FDE-92DD-6558AA1FF5BF}
	EndGlobalSection
EndGlobal
